// !$*UTF8*$!
{
	archiveVersion = 1;
	classes = {
	};
	objectVersion = 55;
	objects = {

/* Begin PBXBuildFile section */
		81117F392732282A008EB222 /* AppDelegate.swift in Sources */ = {isa = PBXBuildFile; fileRef = 81117F382732282A008EB222 /* AppDelegate.swift */; };
		81117F3B2732282A008EB222 /* SceneDelegate.swift in Sources */ = {isa = PBXBuildFile; fileRef = 81117F3A2732282A008EB222 /* SceneDelegate.swift */; };
		81117F3D2732282A008EB222 /* ViewController.swift in Sources */ = {isa = PBXBuildFile; fileRef = 81117F3C2732282A008EB222 /* ViewController.swift */; };
		81117F402732282A008EB222 /* Main.storyboard in Resources */ = {isa = PBXBuildFile; fileRef = 81117F3E2732282A008EB222 /* Main.storyboard */; };
		81117F422732282F008EB222 /* Assets.xcassets in Resources */ = {isa = PBXBuildFile; fileRef = 81117F412732282F008EB222 /* Assets.xcassets */; };
		81117F452732282F008EB222 /* LaunchScreen.storyboard in Resources */ = {isa = PBXBuildFile; fileRef = 81117F432732282F008EB222 /* LaunchScreen.storyboard */; };
		81117F502732282F008EB222 /* SwiftNoteTests.swift in Sources */ = {isa = PBXBuildFile; fileRef = 81117F4F2732282F008EB222 /* SwiftNoteTests.swift */; };
		81117F5A2732282F008EB222 /* SwiftNoteUITests.swift in Sources */ = {isa = PBXBuildFile; fileRef = 81117F592732282F008EB222 /* SwiftNoteUITests.swift */; };
		81117F5C2732282F008EB222 /* SwiftNoteUITestsLaunchTests.swift in Sources */ = {isa = PBXBuildFile; fileRef = 81117F5B2732282F008EB222 /* SwiftNoteUITestsLaunchTests.swift */; };
/* End PBXBuildFile section */

/* Begin PBXContainerItemProxy section */
		81117F4C2732282F008EB222 /* PBXContainerItemProxy */ = {
			isa = PBXContainerItemProxy;
			containerPortal = 81117F2D2732282A008EB222 /* Project object */;
			proxyType = 1;
			remoteGlobalIDString = 81117F342732282A008EB222;
			remoteInfo = SwiftNote;
		};
		81117F562732282F008EB222 /* PBXContainerItemProxy */ = {
			isa = PBXContainerItemProxy;
			containerPortal = 81117F2D2732282A008EB222 /* Project object */;
			proxyType = 1;
			remoteGlobalIDString = 81117F342732282A008EB222;
			remoteInfo = SwiftNote;
		};
/* End PBXContainerItemProxy section */

/* Begin PBXFileReference section */
		81117F352732282A008EB222 /* SwiftNote.app */ = {isa = PBXFileReference; explicitFileType = wrapper.application; includeInIndex = 0; path = SwiftNote.app; sourceTree = BUILT_PRODUCTS_DIR; };
		81117F382732282A008EB222 /* AppDelegate.swift */ = {isa = PBXFileReference; lastKnownFileType = sourcecode.swift; path = AppDelegate.swift; sourceTree = "<group>"; };
		81117F3A2732282A008EB222 /* SceneDelegate.swift */ = {isa = PBXFileReference; lastKnownFileType = sourcecode.swift; path = SceneDelegate.swift; sourceTree = "<group>"; };
		81117F3C2732282A008EB222 /* ViewController.swift */ = {isa = PBXFileReference; lastKnownFileType = sourcecode.swift; path = ViewController.swift; sourceTree = "<group>"; };
		81117F3F2732282A008EB222 /* Base */ = {isa = PBXFileReference; lastKnownFileType = file.storyboard; name = Base; path = Base.lproj/Main.storyboard; sourceTree = "<group>"; };
		81117F412732282F008EB222 /* Assets.xcassets */ = {isa = PBXFileReference; lastKnownFileType = folder.assetcatalog; path = Assets.xcassets; sourceTree = "<group>"; };
		81117F442732282F008EB222 /* Base */ = {isa = PBXFileReference; lastKnownFileType = file.storyboard; name = Base; path = Base.lproj/LaunchScreen.storyboard; sourceTree = "<group>"; };
		81117F462732282F008EB222 /* Info.plist */ = {isa = PBXFileReference; lastKnownFileType = text.plist.xml; path = Info.plist; sourceTree = "<group>"; };
		81117F4B2732282F008EB222 /* SwiftNoteTests.xctest */ = {isa = PBXFileReference; explicitFileType = wrapper.cfbundle; includeInIndex = 0; path = SwiftNoteTests.xctest; sourceTree = BUILT_PRODUCTS_DIR; };
		81117F4F2732282F008EB222 /* SwiftNoteTests.swift */ = {isa = PBXFileReference; lastKnownFileType = sourcecode.swift; path = SwiftNoteTests.swift; sourceTree = "<group>"; };
		81117F552732282F008EB222 /* SwiftNoteUITests.xctest */ = {isa = PBXFileReference; explicitFileType = wrapper.cfbundle; includeInIndex = 0; path = SwiftNoteUITests.xctest; sourceTree = BUILT_PRODUCTS_DIR; };
		81117F592732282F008EB222 /* SwiftNoteUITests.swift */ = {isa = PBXFileReference; lastKnownFileType = sourcecode.swift; path = SwiftNoteUITests.swift; sourceTree = "<group>"; };
		81117F5B2732282F008EB222 /* SwiftNoteUITestsLaunchTests.swift */ = {isa = PBXFileReference; lastKnownFileType = sourcecode.swift; path = SwiftNoteUITestsLaunchTests.swift; sourceTree = "<group>"; };
/* End PBXFileReference section */

/* Begin PBXFrameworksBuildPhase section */
		81117F322732282A008EB222 /* Frameworks */ = {
			isa = PBXFrameworksBuildPhase;
			buildActionMask = 2147483647;
			files = (
			);
			runOnlyForDeploymentPostprocessing = 0;
		};
		81117F482732282F008EB222 /* Frameworks */ = {
			isa = PBXFrameworksBuildPhase;
			buildActionMask = 2147483647;
			files = (
			);
			runOnlyForDeploymentPostprocessing = 0;
		};
		81117F522732282F008EB222 /* Frameworks */ = {
			isa = PBXFrameworksBuildPhase;
			buildActionMask = 2147483647;
			files = (
			);
			runOnlyForDeploymentPostprocessing = 0;
		};
/* End PBXFrameworksBuildPhase section */

/* Begin PBXGroup section */
		81117F2C2732282A008EB222 = {
			isa = PBXGroup;
			children = (
				81117F372732282A008EB222 /* SwiftNote */,
				81117F4E2732282F008EB222 /* SwiftNoteTests */,
				81117F582732282F008EB222 /* SwiftNoteUITests */,
				81117F362732282A008EB222 /* Products */,
			);
			sourceTree = "<group>";
		};
		81117F362732282A008EB222 /* Products */ = {
			isa = PBXGroup;
			children = (
				81117F352732282A008EB222 /* SwiftNote.app */,
				81117F4B2732282F008EB222 /* SwiftNoteTests.xctest */,
				81117F552732282F008EB222 /* SwiftNoteUITests.xctest */,
			);
			name = Products;
			sourceTree = "<group>";
		};
		81117F372732282A008EB222 /* SwiftNote */ = {
			isa = PBXGroup;
			children = (
				81117F382732282A008EB222 /* AppDelegate.swift */,
				81117F3A2732282A008EB222 /* SceneDelegate.swift */,
				81117F3C2732282A008EB222 /* ViewController.swift */,
				81117F3E2732282A008EB222 /* Main.storyboard */,
				81117F412732282F008EB222 /* Assets.xcassets */,
				81117F432732282F008EB222 /* LaunchScreen.storyboard */,
				81117F462732282F008EB222 /* Info.plist */,
			);
			path = SwiftNote;
			sourceTree = "<group>";
		};
		81117F4E2732282F008EB222 /* SwiftNoteTests */ = {
			isa = PBXGroup;
			children = (
				81117F4F2732282F008EB222 /* SwiftNoteTests.swift */,
			);
			path = SwiftNoteTests;
			sourceTree = "<group>";
		};
		81117F582732282F008EB222 /* SwiftNoteUITests */ = {
			isa = PBXGroup;
			children = (
				81117F592732282F008EB222 /* SwiftNoteUITests.swift */,
				81117F5B2732282F008EB222 /* SwiftNoteUITestsLaunchTests.swift */,
			);
			path = SwiftNoteUITests;
			sourceTree = "<group>";
		};
/* End PBXGroup section */

/* Begin PBXNativeTarget section */
		81117F342732282A008EB222 /* SwiftNote */ = {
			isa = PBXNativeTarget;
			buildConfigurationList = 81117F5F2732282F008EB222 /* Build configuration list for PBXNativeTarget "SwiftNote" */;
			buildPhases = (
				81117F312732282A008EB222 /* Sources */,
				81117F322732282A008EB222 /* Frameworks */,
				81117F332732282A008EB222 /* Resources */,
			);
			buildRules = (
			);
			dependencies = (
			);
			name = SwiftNote;
			productName = SwiftNote;
			productReference = 81117F352732282A008EB222 /* SwiftNote.app */;
			productType = "com.apple.product-type.application";
		};
		81117F4A2732282F008EB222 /* SwiftNoteTests */ = {
			isa = PBXNativeTarget;
			buildConfigurationList = 81117F622732282F008EB222 /* Build configuration list for PBXNativeTarget "SwiftNoteTests" */;
			buildPhases = (
				81117F472732282F008EB222 /* Sources */,
				81117F482732282F008EB222 /* Frameworks */,
				81117F492732282F008EB222 /* Resources */,
			);
			buildRules = (
			);
			dependencies = (
				81117F4D2732282F008EB222 /* PBXTargetDependency */,
			);
			name = SwiftNoteTests;
			productName = SwiftNoteTests;
			productReference = 81117F4B2732282F008EB222 /* SwiftNoteTests.xctest */;
			productType = "com.apple.product-type.bundle.unit-test";
		};
		81117F542732282F008EB222 /* SwiftNoteUITests */ = {
			isa = PBXNativeTarget;
			buildConfigurationList = 81117F652732282F008EB222 /* Build configuration list for PBXNativeTarget "SwiftNoteUITests" */;
			buildPhases = (
				81117F512732282F008EB222 /* Sources */,
				81117F522732282F008EB222 /* Frameworks */,
				81117F532732282F008EB222 /* Resources */,
			);
			buildRules = (
			);
			dependencies = (
				81117F572732282F008EB222 /* PBXTargetDependency */,
			);
			name = SwiftNoteUITests;
			productName = SwiftNoteUITests;
			productReference = 81117F552732282F008EB222 /* SwiftNoteUITests.xctest */;
			productType = "com.apple.product-type.bundle.ui-testing";
		};
/* End PBXNativeTarget section */

/* Begin PBXProject section */
		81117F2D2732282A008EB222 /* Project object */ = {
			isa = PBXProject;
			attributes = {
				BuildIndependentTargetsInParallel = 1;
				LastSwiftUpdateCheck = 1310;
				LastUpgradeCheck = 1310;
				TargetAttributes = {
					81117F342732282A008EB222 = {
						CreatedOnToolsVersion = 13.1;
					};
					81117F4A2732282F008EB222 = {
						CreatedOnToolsVersion = 13.1;
						TestTargetID = 81117F342732282A008EB222;
					};
					81117F542732282F008EB222 = {
						CreatedOnToolsVersion = 13.1;
						TestTargetID = 81117F342732282A008EB222;
					};
				};
			};
			buildConfigurationList = 81117F302732282A008EB222 /* Build configuration list for PBXProject "SwiftNote" */;
			compatibilityVersion = "Xcode 13.0";
			developmentRegion = en;
			hasScannedForEncodings = 0;
			knownRegions = (
				en,
				Base,
			);
			mainGroup = 81117F2C2732282A008EB222;
			productRefGroup = 81117F362732282A008EB222 /* Products */;
			projectDirPath = "";
			projectRoot = "";
			targets = (
				81117F342732282A008EB222 /* SwiftNote */,
				81117F4A2732282F008EB222 /* SwiftNoteTests */,
				81117F542732282F008EB222 /* SwiftNoteUITests */,
			);
		};
/* End PBXProject section */

/* Begin PBXResourcesBuildPhase section */
		81117F332732282A008EB222 /* Resources */ = {
			isa = PBXResourcesBuildPhase;
			buildActionMask = 2147483647;
			files = (
				81117F452732282F008EB222 /* LaunchScreen.storyboard in Resources */,
				81117F422732282F008EB222 /* Assets.xcassets in Resources */,
				81117F402732282A008EB222 /* Main.storyboard in Resources */,
			);
			runOnlyForDeploymentPostprocessing = 0;
		};
		81117F492732282F008EB222 /* Resources */ = {
			isa = PBXResourcesBuildPhase;
			buildActionMask = 2147483647;
			files = (
			);
			runOnlyForDeploymentPostprocessing = 0;
		};
		81117F532732282F008EB222 /* Resources */ = {
			isa = PBXResourcesBuildPhase;
			buildActionMask = 2147483647;
			files = (
			);
			runOnlyForDeploymentPostprocessing = 0;
		};
/* End PBXResourcesBuildPhase section */

/* Begin PBXSourcesBuildPhase section */
		81117F312732282A008EB222 /* Sources */ = {
			isa = PBXSourcesBuildPhase;
			buildActionMask = 2147483647;
			files = (
				81117F3D2732282A008EB222 /* ViewController.swift in Sources */,
				81117F392732282A008EB222 /* AppDelegate.swift in Sources */,
				81117F3B2732282A008EB222 /* SceneDelegate.swift in Sources */,
			);
			runOnlyForDeploymentPostprocessing = 0;
		};
		81117F472732282F008EB222 /* Sources */ = {
			isa = PBXSourcesBuildPhase;
			buildActionMask = 2147483647;
			files = (
				81117F502732282F008EB222 /* SwiftNoteTests.swift in Sources */,
			);
			runOnlyForDeploymentPostprocessing = 0;
		};
		81117F512732282F008EB222 /* Sources */ = {
			isa = PBXSourcesBuildPhase;
			buildActionMask = 2147483647;
			files = (
				81117F5C2732282F008EB222 /* SwiftNoteUITestsLaunchTests.swift in Sources */,
				81117F5A2732282F008EB222 /* SwiftNoteUITests.swift in Sources */,
			);
			runOnlyForDeploymentPostprocessing = 0;
		};
/* End PBXSourcesBuildPhase section */

/* Begin PBXTargetDependency section */
		81117F4D2732282F008EB222 /* PBXTargetDependency */ = {
			isa = PBXTargetDependency;
			target = 81117F342732282A008EB222 /* SwiftNote */;
			targetProxy = 81117F4C2732282F008EB222 /* PBXContainerItemProxy */;
		};
		81117F572732282F008EB222 /* PBXTargetDependency */ = {
			isa = PBXTargetDependency;
			target = 81117F342732282A008EB222 /* SwiftNote */;
			targetProxy = 81117F562732282F008EB222 /* PBXContainerItemProxy */;
		};
/* End PBXTargetDependency section */

/* Begin PBXVariantGroup section */
		81117F3E2732282A008EB222 /* Main.storyboard */ = {
			isa = PBXVariantGroup;
			children = (
				81117F3F2732282A008EB222 /* Base */,
			);
			name = Main.storyboard;
			sourceTree = "<group>";
		};
		81117F432732282F008EB222 /* LaunchScreen.storyboard */ = {
			isa = PBXVariantGroup;
			children = (
				81117F442732282F008EB222 /* Base */,
			);
			name = LaunchScreen.storyboard;
			sourceTree = "<group>";
		};
/* End PBXVariantGroup section */

/* Begin XCBuildConfiguration section */
		81117F5D2732282F008EB222 /* Debug */ = {
			isa = XCBuildConfiguration;
			buildSettings = {
				ALWAYS_SEARCH_USER_PATHS = NO;
				CLANG_ANALYZER_NONNULL = YES;
				CLANG_ANALYZER_NUMBER_OBJECT_CONVERSION = YES_AGGRESSIVE;
				CLANG_CXX_LANGUAGE_STANDARD = "gnu++17";
				CLANG_CXX_LIBRARY = "libc++";
				CLANG_ENABLE_MODULES = YES;
				CLANG_ENABLE_OBJC_ARC = YES;
				CLANG_ENABLE_OBJC_WEAK = YES;
				CLANG_WARN_BLOCK_CAPTURE_AUTORELEASING = YES;
				CLANG_WARN_BOOL_CONVERSION = YES;
				CLANG_WARN_COMMA = YES;
				CLANG_WARN_CONSTANT_CONVERSION = YES;
				CLANG_WARN_DEPRECATED_OBJC_IMPLEMENTATIONS = YES;
				CLANG_WARN_DIRECT_OBJC_ISA_USAGE = YES_ERROR;
				CLANG_WARN_DOCUMENTATION_COMMENTS = YES;
				CLANG_WARN_EMPTY_BODY = YES;
				CLANG_WARN_ENUM_CONVERSION = YES;
				CLANG_WARN_INFINITE_RECURSION = YES;
				CLANG_WARN_INT_CONVERSION = YES;
				CLANG_WARN_NON_LITERAL_NULL_CONVERSION = YES;
				CLANG_WARN_OBJC_IMPLICIT_RETAIN_SELF = YES;
				CLANG_WARN_OBJC_LITERAL_CONVERSION = YES;
				CLANG_WARN_OBJC_ROOT_CLASS = YES_ERROR;
				CLANG_WARN_QUOTED_INCLUDE_IN_FRAMEWORK_HEADER = YES;
				CLANG_WARN_RANGE_LOOP_ANALYSIS = YES;
				CLANG_WARN_STRICT_PROTOTYPES = YES;
				CLANG_WARN_SUSPICIOUS_MOVE = YES;
				CLANG_WARN_UNGUARDED_AVAILABILITY = YES_AGGRESSIVE;
				CLANG_WARN_UNREACHABLE_CODE = YES;
				CLANG_WARN__DUPLICATE_METHOD_MATCH = YES;
				COPY_PHASE_STRIP = NO;
				DEBUG_INFORMATION_FORMAT = dwarf;
				ENABLE_STRICT_OBJC_MSGSEND = YES;
				ENABLE_TESTABILITY = YES;
				GCC_C_LANGUAGE_STANDARD = gnu11;
				GCC_DYNAMIC_NO_PIC = NO;
				GCC_NO_COMMON_BLOCKS = YES;
				GCC_OPTIMIZATION_LEVEL = 0;
				GCC_PREPROCESSOR_DEFINITIONS = (
					"DEBUG=1",
					"$(inherited)",
				);
				GCC_WARN_64_TO_32_BIT_CONVERSION = YES;
				GCC_WARN_ABOUT_RETURN_TYPE = YES_ERROR;
				GCC_WARN_UNDECLARED_SELECTOR = YES;
				GCC_WARN_UNINITIALIZED_AUTOS = YES_AGGRESSIVE;
				GCC_WARN_UNUSED_FUNCTION = YES;
				GCC_WARN_UNUSED_VARIABLE = YES;
				IPHONEOS_DEPLOYMENT_TARGET = 15.0;
				MTL_ENABLE_DEBUG_INFO = INCLUDE_SOURCE;
				MTL_FAST_MATH = YES;
				ONLY_ACTIVE_ARCH = YES;
				SDKROOT = iphoneos;
				SWIFT_ACTIVE_COMPILATION_CONDITIONS = DEBUG;
				SWIFT_OPTIMIZATION_LEVEL = "-Onone";
			};
			name = Debug;
		};
		81117F5E2732282F008EB222 /* Release */ = {
			isa = XCBuildConfiguration;
			buildSettings = {
				ALWAYS_SEARCH_USER_PATHS = NO;
				CLANG_ANALYZER_NONNULL = YES;
				CLANG_ANALYZER_NUMBER_OBJECT_CONVERSION = YES_AGGRESSIVE;
				CLANG_CXX_LANGUAGE_STANDARD = "gnu++17";
				CLANG_CXX_LIBRARY = "libc++";
				CLANG_ENABLE_MODULES = YES;
				CLANG_ENABLE_OBJC_ARC = YES;
				CLANG_ENABLE_OBJC_WEAK = YES;
				CLANG_WARN_BLOCK_CAPTURE_AUTORELEASING = YES;
				CLANG_WARN_BOOL_CONVERSION = YES;
				CLANG_WARN_COMMA = YES;
				CLANG_WARN_CONSTANT_CONVERSION = YES;
				CLANG_WARN_DEPRECATED_OBJC_IMPLEMENTATIONS = YES;
				CLANG_WARN_DIRECT_OBJC_ISA_USAGE = YES_ERROR;
				CLANG_WARN_DOCUMENTATION_COMMENTS = YES;
				CLANG_WARN_EMPTY_BODY = YES;
				CLANG_WARN_ENUM_CONVERSION = YES;
				CLANG_WARN_INFINITE_RECURSION = YES;
				CLANG_WARN_INT_CONVERSION = YES;
				CLANG_WARN_NON_LITERAL_NULL_CONVERSION = YES;
				CLANG_WARN_OBJC_IMPLICIT_RETAIN_SELF = YES;
				CLANG_WARN_OBJC_LITERAL_CONVERSION = YES;
				CLANG_WARN_OBJC_ROOT_CLASS = YES_ERROR;
				CLANG_WARN_QUOTED_INCLUDE_IN_FRAMEWORK_HEADER = YES;
				CLANG_WARN_RANGE_LOOP_ANALYSIS = YES;
				CLANG_WARN_STRICT_PROTOTYPES = YES;
				CLANG_WARN_SUSPICIOUS_MOVE = YES;
				CLANG_WARN_UNGUARDED_AVAILABILITY = YES_AGGRESSIVE;
				CLANG_WARN_UNREACHABLE_CODE = YES;
				CLANG_WARN__DUPLICATE_METHOD_MATCH = YES;
				COPY_PHASE_STRIP = NO;
				DEBUG_INFORMATION_FORMAT = "dwarf-with-dsym";
				ENABLE_NS_ASSERTIONS = NO;
				ENABLE_STRICT_OBJC_MSGSEND = YES;
				GCC_C_LANGUAGE_STANDARD = gnu11;
				GCC_NO_COMMON_BLOCKS = YES;
				GCC_WARN_64_TO_32_BIT_CONVERSION = YES;
				GCC_WARN_ABOUT_RETURN_TYPE = YES_ERROR;
				GCC_WARN_UNDECLARED_SELECTOR = YES;
				GCC_WARN_UNINITIALIZED_AUTOS = YES_AGGRESSIVE;
				GCC_WARN_UNUSED_FUNCTION = YES;
				GCC_WARN_UNUSED_VARIABLE = YES;
				IPHONEOS_DEPLOYMENT_TARGET = 15.0;
				MTL_ENABLE_DEBUG_INFO = NO;
				MTL_FAST_MATH = YES;
				SDKROOT = iphoneos;
				SWIFT_COMPILATION_MODE = wholemodule;
				SWIFT_OPTIMIZATION_LEVEL = "-O";
				VALIDATE_PRODUCT = YES;
			};
			name = Release;
		};
		81117F602732282F008EB222 /* Debug */ = {
			isa = XCBuildConfiguration;
			buildSettings = {
				ASSETCATALOG_COMPILER_APPICON_NAME = AppIcon;
				ASSETCATALOG_COMPILER_GLOBAL_ACCENT_COLOR_NAME = AccentColor;
				CODE_SIGN_STYLE = Automatic;
				CURRENT_PROJECT_VERSION = 1;
				GENERATE_INFOPLIST_FILE = YES;
				INFOPLIST_FILE = SwiftNote/Info.plist;
				INFOPLIST_KEY_UIApplicationSupportsIndirectInputEvents = YES;
				INFOPLIST_KEY_UILaunchStoryboardName = LaunchScreen;
				INFOPLIST_KEY_UIMainStoryboardFile = Main;
				INFOPLIST_KEY_UISupportedInterfaceOrientations_iPad = "UIInterfaceOrientationPortrait UIInterfaceOrientationPortraitUpsideDown UIInterfaceOrientationLandscapeLeft UIInterfaceOrientationLandscapeRight";
				INFOPLIST_KEY_UISupportedInterfaceOrientations_iPhone = "UIInterfaceOrientationPortrait UIInterfaceOrientationLandscapeLeft UIInterfaceOrientationLandscapeRight";
				LD_RUNPATH_SEARCH_PATHS = (
					"$(inherited)",
					"@executable_path/Frameworks",
				);
				MARKETING_VERSION = 1.0;
				PRODUCT_BUNDLE_IDENTIFIER = com.demo.SwiftNote;
				PRODUCT_NAME = "$(TARGET_NAME)";
				SWIFT_EMIT_LOC_STRINGS = YES;
				SWIFT_VERSION = 5.0;
				TARGETED_DEVICE_FAMILY = "1,2";
			};
			name = Debug;
		};
		81117F612732282F008EB222 /* Release */ = {
			isa = XCBuildConfiguration;
			buildSettings = {
				ASSETCATALOG_COMPILER_APPICON_NAME = AppIcon;
				ASSETCATALOG_COMPILER_GLOBAL_ACCENT_COLOR_NAME = AccentColor;
				CODE_SIGN_STYLE = Automatic;
				CURRENT_PROJECT_VERSION = 1;
				GENERATE_INFOPLIST_FILE = YES;
				INFOPLIST_FILE = SwiftNote/Info.plist;
				INFOPLIST_KEY_UIApplicationSupportsIndirectInputEvents = YES;
				INFOPLIST_KEY_UILaunchStoryboardName = LaunchScreen;
				INFOPLIST_KEY_UIMainStoryboardFile = Main;
				INFOPLIST_KEY_UISupportedInterfaceOrientations_iPad = "UIInterfaceOrientationPortrait UIInterfaceOrientationPortraitUpsideDown UIInterfaceOrientationLandscapeLeft UIInterfaceOrientationLandscapeRight";
				INFOPLIST_KEY_UISupportedInterfaceOrientations_iPhone = "UIInterfaceOrientationPortrait UIInterfaceOrientationLandscapeLeft UIInterfaceOrientationLandscapeRight";
				LD_RUNPATH_SEARCH_PATHS = (
					"$(inherited)",
					"@executable_path/Frameworks",
				);
				MARKETING_VERSION = 1.0;
				PRODUCT_BUNDLE_IDENTIFIER = com.demo.SwiftNote;
				PRODUCT_NAME = "$(TARGET_NAME)";
				SWIFT_EMIT_LOC_STRINGS = YES;
				SWIFT_VERSION = 5.0;
				TARGETED_DEVICE_FAMILY = "1,2";
			};
			name = Release;
		};
		81117F632732282F008EB222 /* Debug */ = {
			isa = XCBuildConfiguration;
			buildSettings = {
				ALWAYS_EMBED_SWIFT_STANDARD_LIBRARIES = YES;
				BUNDLE_LOADER = "$(TEST_HOST)";
				CODE_SIGN_STYLE = Automatic;
				CURRENT_PROJECT_VERSION = 1;
				GENERATE_INFOPLIST_FILE = YES;
				IPHONEOS_DEPLOYMENT_TARGET = 15.0;
				LD_RUNPATH_SEARCH_PATHS = (
					"$(inherited)",
					"@executable_path/Frameworks",
					"@loader_path/Frameworks",
				);
				MARKETING_VERSION = 1.0;
				PRODUCT_BUNDLE_IDENTIFIER = com.demo.SwiftNoteTests;
				PRODUCT_NAME = "$(TARGET_NAME)";
				SWIFT_EMIT_LOC_STRINGS = NO;
				SWIFT_VERSION = 5.0;
				TARGETED_DEVICE_FAMILY = "1,2";
				TEST_HOST = "$(BUILT_PRODUCTS_DIR)/SwiftNote.app/SwiftNote";
			};
			name = Debug;
		};
		81117F642732282F008EB222 /* Release */ = {
			isa = XCBuildConfiguration;
			buildSettings = {
				ALWAYS_EMBED_SWIFT_STANDARD_LIBRARIES = YES;
				BUNDLE_LOADER = "$(TEST_HOST)";
				CODE_SIGN_STYLE = Automatic;
				CURRENT_PROJECT_VERSION = 1;
				GENERATE_INFOPLIST_FILE = YES;
				IPHONEOS_DEPLOYMENT_TARGET = 15.0;
				LD_RUNPATH_SEARCH_PATHS = (
					"$(inherited)",
					"@executable_path/Frameworks",
					"@loader_path/Frameworks",
				);
				MARKETING_VERSION = 1.0;
				PRODUCT_BUNDLE_IDENTIFIER = com.demo.SwiftNoteTests;
				PRODUCT_NAME = "$(TARGET_NAME)";
				SWIFT_EMIT_LOC_STRINGS = NO;
				SWIFT_VERSION = 5.0;
				TARGETED_DEVICE_FAMILY = "1,2";
				TEST_HOST = "$(BUILT_PRODUCTS_DIR)/SwiftNote.app/SwiftNote";
			};
			name = Release;
		};
		81117F662732282F008EB222 /* Debug */ = {
			isa = XCBuildConfiguration;
			buildSettings = {
				ALWAYS_EMBED_SWIFT_STANDARD_LIBRARIES = YES;
				CODE_SIGN_STYLE = Automatic;
				CURRENT_PROJECT_VERSION = 1;
				GENERATE_INFOPLIST_FILE = YES;
				LD_RUNPATH_SEARCH_PATHS = (
					"$(inherited)",
					"@executable_path/Frameworks",
					"@loader_path/Frameworks",
				);
				MARKETING_VERSION = 1.0;
				PRODUCT_BUNDLE_IDENTIFIER = com.demo.SwiftNoteUITests;
				PRODUCT_NAME = "$(TARGET_NAME)";
				SWIFT_EMIT_LOC_STRINGS = NO;
				SWIFT_VERSION = 5.0;
				TARGETED_DEVICE_FAMILY = "1,2";
				TEST_TARGET_NAME = SwiftNote;
			};
			name = Debug;
		};
		81117F672732282F008EB222 /* Release */ = {
			isa = XCBuildConfiguration;
			buildSettings = {
				ALWAYS_EMBED_SWIFT_STANDARD_LIBRARIES = YES;
				CODE_SIGN_STYLE = Automatic;
				CURRENT_PROJECT_VERSION = 1;
				GENERATE_INFOPLIST_FILE = YES;
				LD_RUNPATH_SEARCH_PATHS = (
					"$(inherited)",
					"@executable_path/Frameworks",
					"@loader_path/Frameworks",
				);
				MARKETING_VERSION = 1.0;
				PRODUCT_BUNDLE_IDENTIFIER = com.demo.SwiftNoteUITests;
				PRODUCT_NAME = "$(TARGET_NAME)";
				SWIFT_EMIT_LOC_STRINGS = NO;
				SWIFT_VERSION = 5.0;
				TARGETED_DEVICE_FAMILY = "1,2";
				TEST_TARGET_NAME = SwiftNote;
			};
			name = Release;
		};
/* End XCBuildConfiguration section */

/* Begin XCConfigurationList section */
		81117F302732282A008EB222 /* Build configuration list for PBXProject "SwiftNote" */ = {
			isa = XCConfigurationList;
			buildConfigurations = (
				81117F5D2732282F008EB222 /* Debug */,
				81117F5E2732282F008EB222 /* Release */,
			);
			defaultConfigurationIsVisible = 0;
			defaultConfigurationName = Release;
		};
		81117F5F2732282F008EB222 /* Build configuration list for PBXNativeTarget "SwiftNote" */ = {
			isa = XCConfigurationList;
			buildConfigurations = (
				81117F602732282F008EB222 /* Debug */,
				81117F612732282F008EB222 /* Release */,
			);
			defaultConfigurationIsVisible = 0;
			defaultConfigurationName = Release;
		};
		81117F622732282F008EB222 /* Build configuration list for PBXNativeTarget "SwiftNoteTests" */ = {
			isa = XCConfigurationList;
			buildConfigurations = (
				81117F632732282F008EB222 /* Debug */,
				81117F642732282F008EB222 /* Release */,
			);
			defaultConfigurationIsVisible = 0;
			defaultConfigurationName = Release;
		};
		81117F652732282F008EB222 /* Build configuration list for PBXNativeTarget "SwiftNoteUITests" */ = {
			isa = XCConfigurationList;
			buildConfigurations = (
				81117F662732282F008EB222 /* Debug */,
				81117F672732282F008EB222 /* Release */,
			);
			defaultConfigurationIsVisible = 0;
			defaultConfigurationName = Release;
		};
/* End XCConfigurationList section */
	};
	rootObject = 81117F2D2732282A008EB222 /* Project object */;
}
